
Microsoft Visual Studio Solution File, Format Version 12.00
# Visual Studio 15
VisualStudioVersion = 15.0.27703.2026
MinimumVisualStudioVersion = 10.0.40219.1
Project("{FAE04EC0-301F-11D3-BF4B-00C04F79EFBC}") = "DraRec", "WpfApp1\DraRec.csproj", "{4E50F8EA-03A6-4880-AAB1-4F0C68ACE20C}"
EndProject
Global
	GlobalSection(SolutionConfigurationPlatforms) = preSolution
		Debug|Any CPU = Debug|Any CPU
		Release|Any CPU = Release|Any CPU
	EndGlobalSection
	GlobalSection(ProjectConfigurationPlatforms) = postSolution
		{4E50F8EA-03A6-4880-AAB1-4F0C68ACE20C}.Debug|Any CPU.ActiveCfg = Debug|Any CPU
		{4E50F8EA-03A6-4880-AAB1-4F0C68ACE20C}.Debug|Any CPU.Build.0 = Debug|Any CPU
		{4E50F8EA-03A6-4880-AAB1-4F0C68ACE20C}.Release|Any CPU.ActiveCfg = Release|Any CPU
		{4E50F8EA-03A6-4880-AAB1-4F0C68ACE20C}.Release|Any CPU.Build.0 = Release|Any CPU
	EndGlobalSection
	GlobalSection(SolutionProperties) = preSolution
		HideSolutionNode = FALSE
	EndGlobalSection
	GlobalSection(ExtensibilityGlobals) = postSolution
		SolutionGuid = {C0140D18-8D57-48BC-A3D3-D82F569A9E5C}
	EndGlobalSection
EndGlobal
